github.com/davecgh/go-spew v1.1.1 h1:vj9j/u1bqnvCEfJOwUhtlOARqs3+rkHYY13jYWTU97c=
github.com/davecgh/go-spew v1.1.1/go.mod h1:J7Y8YcW2NihsgmVo/mv3lAwl/skON4iLHjSsI+c5H38=
github.com/edanko/dxf v0.0.0-20201208095808-124b31333634 h1:zj4pCLtT4WieE4q1BZZPB9+jPSLLzagHhzgD49Edl4E=
github.com/edanko/dxf v0.0.0-20201208095808-124b31333634/go.mod h1:VZdXVKOPzgphSClV6Y7qMB8QBE4juzkVEhXw7E0nJLg=
